// !$*UTF8*$!
{
	archiveVersion = 1;
	classes = {
	};
	objectVersion = 46;
	objects = {

/* Begin PBXBuildFile section */
		6505C5831C152CFE0040E055 /* main.m in Sources */ = {isa = PBXBuildFile; fileRef = 6505C5821C152CFE0040E055 /* main.m */; };
		6505C5861C152CFF0040E055 /* AppDelegate.m in Sources */ = {isa = PBXBuildFile; fileRef = 6505C5851C152CFF0040E055 /* AppDelegate.m */; };
		6505C5891C152CFF0040E055 /* OverviewsViewController.m in Sources */ = {isa = PBXBuildFile; fileRef = 6505C5881C152CFF0040E055 /* OverviewsViewController.m */; };
		6505C58C1C152D000040E055 /* EventsViewController.m in Sources */ = {isa = PBXBuildFile; fileRef = 6505C58B1C152D000040E055 /* EventsViewController.m */; };
		6505C58F1C152D020040E055 /* Main.storyboard in Resources */ = {isa = PBXBuildFile; fileRef = 6505C58D1C152D020040E055 /* Main.storyboard */; };
		6505C5911C152D050040E055 /* Assets.xcassets in Resources */ = {isa = PBXBuildFile; fileRef = 6505C5901C152D050040E055 /* Assets.xcassets */; };
		6505C5941C152D060040E055 /* LaunchScreen.storyboard in Resources */ = {isa = PBXBuildFile; fileRef = 6505C5921C152D060040E055 /* LaunchScreen.storyboard */; };
		6505C59F1C152D060040E055 /* CrispyOctoMooTests.m in Sources */ = {isa = PBXBuildFile; fileRef = 6505C59E1C152D060040E055 /* CrispyOctoMooTests.m */; };
		6505C5AA1C152D080040E055 /* CrispyOctoMooUITests.m in Sources */ = {isa = PBXBuildFile; fileRef = 6505C5A91C152D080040E055 /* CrispyOctoMooUITests.m */; };
		6505C5BA1C1530BD0040E055 /* FBSDKCoreKit.framework in Frameworks */ = {isa = PBXBuildFile; fileRef = 6505C5B91C1530BD0040E055 /* FBSDKCoreKit.framework */; };
		6505C5BD1C1534E50040E055 /* FBSDKLoginKit.framework in Frameworks */ = {isa = PBXBuildFile; fileRef = 6505C5BC1C1534E50040E055 /* FBSDKLoginKit.framework */; };
		6505C5C21C1589AC0040E055 /* Snap415API.m in Sources */ = {isa = PBXBuildFile; fileRef = 6505C5C11C1589AC0040E055 /* Snap415API.m */; };
		6505C5C91C15902A0040E055 /* Snap415Token.m in Sources */ = {isa = PBXBuildFile; fileRef = 6505C5C81C15902A0040E055 /* Snap415Token.m */; };
		6517AC271C18886700365394 /* ChildrenCategory.m in Sources */ = {isa = PBXBuildFile; fileRef = 6517AC261C18886700365394 /* ChildrenCategory.m */; };
		6517AC2A1C1888AF00365394 /* ChildrenKeywords.m in Sources */ = {isa = PBXBuildFile; fileRef = 6517AC291C1888AF00365394 /* ChildrenKeywords.m */; };
		6517AC2D1C18892B00365394 /* SqootDeal.m in Sources */ = {isa = PBXBuildFile; fileRef = 6517AC2C1C18892B00365394 /* SqootDeal.m */; };
		6517AC301C1889B900365394 /* Snap415Deal.m in Sources */ = {isa = PBXBuildFile; fileRef = 6517AC2F1C1889B900365394 /* Snap415Deal.m */; };
		6517AC331C188B3C00365394 /* SqootMerchant.m in Sources */ = {isa = PBXBuildFile; fileRef = 6517AC321C188B3C00365394 /* SqootMerchant.m */; };
		6517AC361C188C0900365394 /* SqootDealCategory.m in Sources */ = {isa = PBXBuildFile; fileRef = 6517AC351C188C0900365394 /* SqootDealCategory.m */; };
		6517AC391C188CD000365394 /* EITCCreditObject.m in Sources */ = {isa = PBXBuildFile; fileRef = 6517AC381C188CD000365394 /* EITCCreditObject.m */; };
		6517AC3C1C188D6400365394 /* LabelValueObject.m in Sources */ = {isa = PBXBuildFile; fileRef = 6517AC3B1C188D6400365394 /* LabelValueObject.m */; };
		6517AC3F1C188DC400365394 /* LabelGroupObject.m in Sources */ = {isa = PBXBuildFile; fileRef = 6517AC3E1C188DC400365394 /* LabelGroupObject.m */; };
		6517AC421C188E1C00365394 /* LabelObject.m in Sources */ = {isa = PBXBuildFile; fileRef = 6517AC411C188E1C00365394 /* LabelObject.m */; };
		6517AC451C1905B600365394 /* WebSiteObject.m in Sources */ = {isa = PBXBuildFile; fileRef = 6517AC441C1905B600365394 /* WebSiteObject.m */; };
		652204AA1C15BA9000AC45CD /* Snap415UserProfile.m in Sources */ = {isa = PBXBuildFile; fileRef = 652204A91C15BA9000AC45CD /* Snap415UserProfile.m */; };
		657487981C1FA2F40099A4DB /* DetailMePopupViewController.m in Sources */ = {isa = PBXBuildFile; fileRef = 657487971C1FA2F40099A4DB /* DetailMePopupViewController.m */; };
		657C00CA1C254382001E411B /* TableViewCell4WebObject.xib in Resources */ = {isa = PBXBuildFile; fileRef = 657C00C91C254382001E411B /* TableViewCell4WebObject.xib */; };
		659A8E391C1A9D6100770B46 /* SocialLoginPopupViewController.m in Sources */ = {isa = PBXBuildFile; fileRef = 659A8E371C1A9D6100770B46 /* SocialLoginPopupViewController.m */; };
		65AC90C51C194C5B00C2C9F0 /* ios7-analytics@1x.png in Resources */ = {isa = PBXBuildFile; fileRef = 65AC90B91C194C5B00C2C9F0 /* ios7-analytics@1x.png */; };
		65AC90C61C194C5B00C2C9F0 /* ios7-analytics@2x.png in Resources */ = {isa = PBXBuildFile; fileRef = 65AC90BA1C194C5B00C2C9F0 /* ios7-analytics@2x.png */; };
		65AC90C71C194C5B00C2C9F0 /* ios7-analytics@3x.png in Resources */ = {isa = PBXBuildFile; fileRef = 65AC90BB1C194C5B00C2C9F0 /* ios7-analytics@3x.png */; };
		65AC90C81C194C5B00C2C9F0 /* ios7-bookmarks@1x.png in Resources */ = {isa = PBXBuildFile; fileRef = 65AC90BC1C194C5B00C2C9F0 /* ios7-bookmarks@1x.png */; };
		65AC90C91C194C5B00C2C9F0 /* ios7-bookmarks@2x.png in Resources */ = {isa = PBXBuildFile; fileRef = 65AC90BD1C194C5B00C2C9F0 /* ios7-bookmarks@2x.png */; };
		65AC90CA1C194C5B00C2C9F0 /* ios7-bookmarks@3x.png in Resources */ = {isa = PBXBuildFile; fileRef = 65AC90BE1C194C5B00C2C9F0 /* ios7-bookmarks@3x.png */; };
		65AC90CB1C194C5B00C2C9F0 /* ios7-person@1x.png in Resources */ = {isa = PBXBuildFile; fileRef = 65AC90BF1C194C5B00C2C9F0 /* ios7-person@1x.png */; };
		65AC90CC1C194C5B00C2C9F0 /* ios7-person@2x.png in Resources */ = {isa = PBXBuildFile; fileRef = 65AC90C01C194C5B00C2C9F0 /* ios7-person@2x.png */; };
		65AC90CD1C194C5B00C2C9F0 /* ios7-person@3x.png in Resources */ = {isa = PBXBuildFile; fileRef = 65AC90C11C194C5B00C2C9F0 /* ios7-person@3x.png */; };
		65AC90CE1C194C5B00C2C9F0 /* ios7-pulse@1x.png in Resources */ = {isa = PBXBuildFile; fileRef = 65AC90C21C194C5B00C2C9F0 /* ios7-pulse@1x.png */; };
		65AC90CF1C194C5B00C2C9F0 /* ios7-pulse@2x.png in Resources */ = {isa = PBXBuildFile; fileRef = 65AC90C31C194C5B00C2C9F0 /* ios7-pulse@2x.png */; };
		65AC90D01C194C5B00C2C9F0 /* ios7-pulse@3x.png in Resources */ = {isa = PBXBuildFile; fileRef = 65AC90C41C194C5B00C2C9F0 /* ios7-pulse@3x.png */; };
		65C560E41C1BC4A300BF8E19 /* Snap415UserProfileBase.m in Sources */ = {isa = PBXBuildFile; fileRef = 65C560E31C1BC4A300BF8E19 /* Snap415UserProfileBase.m */; };
		65C560EA1C1BEFF800BF8E19 /* AccountViewController.m in Sources */ = {isa = PBXBuildFile; fileRef = 65C560E91C1BEFF800BF8E19 /* AccountViewController.m */; };
		65C560ED1C1BF32500BF8E19 /* Snap415Model.m in Sources */ = {isa = PBXBuildFile; fileRef = 65C560EC1C1BF32500BF8E19 /* Snap415Model.m */; };
		65C560F01C1BFD9800BF8E19 /* SqootDealsObject.m in Sources */ = {isa = PBXBuildFile; fileRef = 65C560EF1C1BFD9800BF8E19 /* SqootDealsObject.m */; };
		65C560F31C1BFDCE00BF8E19 /* SqootQuery.m in Sources */ = {isa = PBXBuildFile; fileRef = 65C560F21C1BFDCE00BF8E19 /* SqootQuery.m */; };
		65C560F61C1BFE0200BF8E19 /* SqootQueryLocation.m in Sources */ = {isa = PBXBuildFile; fileRef = 65C560F51C1BFE0200BF8E19 /* SqootQueryLocation.m */; };
		65C560F91C1C011B00BF8E19 /* Snap415TaxEvent.m in Sources */ = {isa = PBXBuildFile; fileRef = 65C560F81C1C011B00BF8E19 /* Snap415TaxEvent.m */; };
		65C560FC1C1C018300BF8E19 /* Snap415UserTaxEvents.m in Sources */ = {isa = PBXBuildFile; fileRef = 65C560FB1C1C018300BF8E19 /* Snap415UserTaxEvents.m */; };
		65C560FF1C1C11B000BF8E19 /* SqootDealObject.m in Sources */ = {isa = PBXBuildFile; fileRef = 65C560FE1C1C11B000BF8E19 /* SqootDealObject.m */; };
		65C561021C1C13DE00BF8E19 /* DealsViewController.m in Sources */ = {isa = PBXBuildFile; fileRef = 65C561011C1C13DE00BF8E19 /* DealsViewController.m */; };
		65C5610A1C1D37EE00BF8E19 /* TableViewCell4WebObject.m in Sources */ = {isa = PBXBuildFile; fileRef = 65C561091C1D37EE00BF8E19 /* TableViewCell4WebObject.m */; };
		65C5610D1C1D55B300BF8E19 /* AccountSettingsViewController.m in Sources */ = {isa = PBXBuildFile; fileRef = 65C5610C1C1D55B300BF8E19 /* AccountSettingsViewController.m */; };
		905ED5A2A9F477941F17EA3F /* libPods.a in Frameworks */ = {isa = PBXBuildFile; fileRef = 27D3CDDFF7269ACA3912C959 /* libPods.a */; };
/* End PBXBuildFile section */

/* Begin PBXContainerItemProxy section */
		6505C59B1C152D060040E055 /* PBXContainerItemProxy */ = {
			isa = PBXContainerItemProxy;
			containerPortal = 6505C5761C152CFC0040E055 /* Project object */;
			proxyType = 1;
			remoteGlobalIDString = 6505C57D1C152CFC0040E055;
			remoteInfo = CrispyOctoMoo;
		};
		6505C5A61C152D070040E055 /* PBXContainerItemProxy */ = {
			isa = PBXContainerItemProxy;
			containerPortal = 6505C5761C152CFC0040E055 /* Project object */;
			proxyType = 1;
			remoteGlobalIDString = 6505C57D1C152CFC0040E055;
			remoteInfo = CrispyOctoMoo;
		};
/* End PBXContainerItemProxy section */

/* Begin PBXFileReference section */
		27D3CDDFF7269ACA3912C959 /* libPods.a */ = {isa = PBXFileReference; explicitFileType = archive.ar; includeInIndex = 0; path = libPods.a; sourceTree = BUILT_PRODUCTS_DIR; };
		6505C57E1C152CFC0040E055 /* CrispyOctoMoo.app */ = {isa = PBXFileReference; explicitFileType = wrapper.application; includeInIndex = 0; path = CrispyOctoMoo.app; sourceTree = BUILT_PRODUCTS_DIR; };
		6505C5821C152CFE0040E055 /* main.m */ = {isa = PBXFileReference; lastKnownFileType = sourcecode.c.objc; path = main.m; sourceTree = "<group>"; };
		6505C5841C152CFE0040E055 /* AppDelegate.h */ = {isa = PBXFileReference; lastKnownFileType = sourcecode.c.h; path = AppDelegate.h; sourceTree = "<group>"; };
		6505C5851C152CFF0040E055 /* AppDelegate.m */ = {isa = PBXFileReference; lastKnownFileType = sourcecode.c.objc; path = AppDelegate.m; sourceTree = "<group>"; };
		6505C5871C152CFF0040E055 /* OverviewsViewController.h */ = {isa = PBXFileReference; lastKnownFileType = sourcecode.c.h; path = OverviewsViewController.h; sourceTree = "<group>"; };
		6505C5881C152CFF0040E055 /* OverviewsViewController.m */ = {isa = PBXFileReference; lastKnownFileType = sourcecode.c.objc; path = OverviewsViewController.m; sourceTree = "<group>"; };
		6505C58A1C152CFF0040E055 /* EventsViewController.h */ = {isa = PBXFileReference; lastKnownFileType = sourcecode.c.h; path = EventsViewController.h; sourceTree = "<group>"; };
		6505C58B1C152D000040E055 /* EventsViewController.m */ = {isa = PBXFileReference; lastKnownFileType = sourcecode.c.objc; path = EventsViewController.m; sourceTree = "<group>"; };
		6505C58E1C152D020040E055 /* Base */ = {isa = PBXFileReference; lastKnownFileType = file.storyboard; name = Base; path = Base.lproj/Main.storyboard; sourceTree = "<group>"; };
		6505C5901C152D050040E055 /* Assets.xcassets */ = {isa = PBXFileReference; lastKnownFileType = folder.assetcatalog; path = Assets.xcassets; sourceTree = "<group>"; };
		6505C5931C152D060040E055 /* Base */ = {isa = PBXFileReference; lastKnownFileType = file.storyboard; name = Base; path = Base.lproj/LaunchScreen.storyboard; sourceTree = "<group>"; };
		6505C5951C152D060040E055 /* Info.plist */ = {isa = PBXFileReference; lastKnownFileType = text.plist.xml; path = Info.plist; sourceTree = "<group>"; };
		6505C59A1C152D060040E055 /* CrispyOctoMoo.xctest */ = {isa = PBXFileReference; explicitFileType = wrapper.cfbundle; includeInIndex = 0; path = CrispyOctoMoo.xctest; sourceTree = BUILT_PRODUCTS_DIR; };
		6505C59E1C152D060040E055 /* CrispyOctoMooTests.m */ = {isa = PBXFileReference; lastKnownFileType = sourcecode.c.objc; path = CrispyOctoMooTests.m; sourceTree = "<group>"; };
		6505C5A01C152D070040E055 /* Info.plist */ = {isa = PBXFileReference; lastKnownFileType = text.plist.xml; path = Info.plist; sourceTree = "<group>"; };
		6505C5A51C152D070040E055 /* CrispyOctoMoo.xctest */ = {isa = PBXFileReference; explicitFileType = wrapper.cfbundle; includeInIndex = 0; path = CrispyOctoMoo.xctest; sourceTree = BUILT_PRODUCTS_DIR; };
		6505C5A91C152D080040E055 /* CrispyOctoMooUITests.m */ = {isa = PBXFileReference; lastKnownFileType = sourcecode.c.objc; path = CrispyOctoMooUITests.m; sourceTree = "<group>"; };
		6505C5AB1C152D080040E055 /* Info.plist */ = {isa = PBXFileReference; lastKnownFileType = text.plist.xml; path = Info.plist; sourceTree = "<group>"; };
		6505C5B91C1530BD0040E055 /* FBSDKCoreKit.framework */ = {isa = PBXFileReference; lastKnownFileType = wrapper.framework; name = FBSDKCoreKit.framework; path = "FacebookSDKs-iOS-20151111/FBSDKCoreKit.framework"; sourceTree = "<group>"; };
		6505C5BC1C1534E50040E055 /* FBSDKLoginKit.framework */ = {isa = PBXFileReference; lastKnownFileType = wrapper.framework; name = FBSDKLoginKit.framework; path = FacebookSDKs/FBSDKLoginKit.framework; sourceTree = "<group>"; };
		6505C5C01C1589AC0040E055 /* Snap415API.h */ = {isa = PBXFileReference; fileEncoding = 4; lastKnownFileType = sourcecode.c.h; path = Snap415API.h; sourceTree = "<group>"; };
		6505C5C11C1589AC0040E055 /* Snap415API.m */ = {isa = PBXFileReference; fileEncoding = 4; lastKnownFileType = sourcecode.c.objc; path = Snap415API.m; sourceTree = "<group>"; };
		6505C5C71C15902A0040E055 /* Snap415Token.h */ = {isa = PBXFileReference; fileEncoding = 4; lastKnownFileType = sourcecode.c.h; path = Snap415Token.h; sourceTree = "<group>"; };
		6505C5C81C15902A0040E055 /* Snap415Token.m */ = {isa = PBXFileReference; fileEncoding = 4; lastKnownFileType = sourcecode.c.objc; path = Snap415Token.m; sourceTree = "<group>"; };
		6517AC251C18886700365394 /* ChildrenCategory.h */ = {isa = PBXFileReference; fileEncoding = 4; lastKnownFileType = sourcecode.c.h; name = ChildrenCategory.h; path = dto/ChildrenCategory.h; sourceTree = "<group>"; };
		6517AC261C18886700365394 /* ChildrenCategory.m */ = {isa = PBXFileReference; fileEncoding = 4; lastKnownFileType = sourcecode.c.objc; name = ChildrenCategory.m; path = dto/ChildrenCategory.m; sourceTree = "<group>"; };
		6517AC281C1888AF00365394 /* ChildrenKeywords.h */ = {isa = PBXFileReference; fileEncoding = 4; lastKnownFileType = sourcecode.c.h; name = ChildrenKeywords.h; path = dto/ChildrenKeywords.h; sourceTree = "<group>"; };
		6517AC291C1888AF00365394 /* ChildrenKeywords.m */ = {isa = PBXFileReference; fileEncoding = 4; lastKnownFileType = sourcecode.c.objc; name = ChildrenKeywords.m; path = dto/ChildrenKeywords.m; sourceTree = "<group>"; };
		6517AC2B1C18892B00365394 /* SqootDeal.h */ = {isa = PBXFileReference; fileEncoding = 4; lastKnownFileType = sourcecode.c.h; name = SqootDeal.h; path = dto/SqootDeal.h; sourceTree = "<group>"; };
		6517AC2C1C18892B00365394 /* SqootDeal.m */ = {isa = PBXFileReference; fileEncoding = 4; lastKnownFileType = sourcecode.c.objc; name = SqootDeal.m; path = dto/SqootDeal.m; sourceTree = "<group>"; };
		6517AC2E1C1889B900365394 /* Snap415Deal.h */ = {isa = PBXFileReference; fileEncoding = 4; lastKnownFileType = sourcecode.c.h; name = Snap415Deal.h; path = dto/Snap415Deal.h; sourceTree = "<group>"; };
		6517AC2F1C1889B900365394 /* Snap415Deal.m */ = {isa = PBXFileReference; fileEncoding = 4; lastKnownFileType = sourcecode.c.objc; name = Snap415Deal.m; path = dto/Snap415Deal.m; sourceTree = "<group>"; };
		6517AC311C188B3C00365394 /* SqootMerchant.h */ = {isa = PBXFileReference; fileEncoding = 4; lastKnownFileType = sourcecode.c.h; name = SqootMerchant.h; path = dto/SqootMerchant.h; sourceTree = "<group>"; };
		6517AC321C188B3C00365394 /* SqootMerchant.m */ = {isa = PBXFileReference; fileEncoding = 4; lastKnownFileType = sourcecode.c.objc; name = SqootMerchant.m; path = dto/SqootMerchant.m; sourceTree = "<group>"; };
		6517AC341C188C0900365394 /* SqootDealCategory.h */ = {isa = PBXFileReference; fileEncoding = 4; lastKnownFileType = sourcecode.c.h; name = SqootDealCategory.h; path = dto/SqootDealCategory.h; sourceTree = "<group>"; };
		6517AC351C188C0900365394 /* SqootDealCategory.m */ = {isa = PBXFileReference; fileEncoding = 4; lastKnownFileType = sourcecode.c.objc; name = SqootDealCategory.m; path = dto/SqootDealCategory.m; sourceTree = "<group>"; };
		6517AC371C188CD000365394 /* EITCCreditObject.h */ = {isa = PBXFileReference; fileEncoding = 4; lastKnownFileType = sourcecode.c.h; name = EITCCreditObject.h; path = dto/EITCCreditObject.h; sourceTree = "<group>"; };
		6517AC381C188CD000365394 /* EITCCreditObject.m */ = {isa = PBXFileReference; fileEncoding = 4; lastKnownFileType = sourcecode.c.objc; name = EITCCreditObject.m; path = dto/EITCCreditObject.m; sourceTree = "<group>"; };
		6517AC3A1C188D6400365394 /* LabelValueObject.h */ = {isa = PBXFileReference; fileEncoding = 4; lastKnownFileType = sourcecode.c.h; name = LabelValueObject.h; path = dto/LabelValueObject.h; sourceTree = "<group>"; };
		6517AC3B1C188D6400365394 /* LabelValueObject.m */ = {isa = PBXFileReference; fileEncoding = 4; lastKnownFileType = sourcecode.c.objc; name = LabelValueObject.m; path = dto/LabelValueObject.m; sourceTree = "<group>"; };
		6517AC3D1C188DC400365394 /* LabelGroupObject.h */ = {isa = PBXFileReference; fileEncoding = 4; lastKnownFileType = sourcecode.c.h; name = LabelGroupObject.h; path = dto/LabelGroupObject.h; sourceTree = "<group>"; };
		6517AC3E1C188DC400365394 /* LabelGroupObject.m */ = {isa = PBXFileReference; fileEncoding = 4; lastKnownFileType = sourcecode.c.objc; name = LabelGroupObject.m; path = dto/LabelGroupObject.m; sourceTree = "<group>"; };
		6517AC401C188E1C00365394 /* LabelObject.h */ = {isa = PBXFileReference; fileEncoding = 4; lastKnownFileType = sourcecode.c.h; name = LabelObject.h; path = dto/LabelObject.h; sourceTree = "<group>"; };
		6517AC411C188E1C00365394 /* LabelObject.m */ = {isa = PBXFileReference; fileEncoding = 4; lastKnownFileType = sourcecode.c.objc; name = LabelObject.m; path = dto/LabelObject.m; sourceTree = "<group>"; };
		6517AC431C1905B600365394 /* WebSiteObject.h */ = {isa = PBXFileReference; fileEncoding = 4; lastKnownFileType = sourcecode.c.h; name = WebSiteObject.h; path = dto/WebSiteObject.h; sourceTree = "<group>"; };
		6517AC441C1905B600365394 /* WebSiteObject.m */ = {isa = PBXFileReference; fileEncoding = 4; lastKnownFileType = sourcecode.c.objc; name = WebSiteObject.m; path = dto/WebSiteObject.m; sourceTree = "<group>"; };
		652204A71C15B7B900AC45CD /* CrispyOctoMoo-Prefix.pch */ = {isa = PBXFileReference; lastKnownFileType = sourcecode.c.h; path = "CrispyOctoMoo-Prefix.pch"; sourceTree = "<group>"; };
		652204A81C15BA9000AC45CD /* Snap415UserProfile.h */ = {isa = PBXFileReference; fileEncoding = 4; lastKnownFileType = sourcecode.c.h; path = Snap415UserProfile.h; sourceTree = "<group>"; };
		652204A91C15BA9000AC45CD /* Snap415UserProfile.m */ = {isa = PBXFileReference; fileEncoding = 4; lastKnownFileType = sourcecode.c.objc; path = Snap415UserProfile.m; sourceTree = "<group>"; };
		657487961C1FA2F40099A4DB /* DetailMePopupViewController.h */ = {isa = PBXFileReference; fileEncoding = 4; lastKnownFileType = sourcecode.c.h; path = DetailMePopupViewController.h; sourceTree = "<group>"; };
		657487971C1FA2F40099A4DB /* DetailMePopupViewController.m */ = {isa = PBXFileReference; fileEncoding = 4; lastKnownFileType = sourcecode.c.objc; path = DetailMePopupViewController.m; sourceTree = "<group>"; };
		657C00C91C254382001E411B /* TableViewCell4WebObject.xib */ = {isa = PBXFileReference; fileEncoding = 4; lastKnownFileType = file.xib; path = TableViewCell4WebObject.xib; sourceTree = "<group>"; };
		659A8E361C1A9D6100770B46 /* SocialLoginPopupViewController.h */ = {isa = PBXFileReference; fileEncoding = 4; lastKnownFileType = sourcecode.c.h; path = SocialLoginPopupViewController.h; sourceTree = "<group>"; };
		659A8E371C1A9D6100770B46 /* SocialLoginPopupViewController.m */ = {isa = PBXFileReference; fileEncoding = 4; lastKnownFileType = sourcecode.c.objc; path = SocialLoginPopupViewController.m; sourceTree = "<group>"; };
		65AC90B91C194C5B00C2C9F0 /* ios7-analytics@1x.png */ = {isa = PBXFileReference; lastKnownFileType = image.png; path = "ios7-analytics@1x.png"; sourceTree = "<group>"; };
		65AC90BA1C194C5B00C2C9F0 /* ios7-analytics@2x.png */ = {isa = PBXFileReference; lastKnownFileType = image.png; path = "ios7-analytics@2x.png"; sourceTree = "<group>"; };
		65AC90BB1C194C5B00C2C9F0 /* ios7-analytics@3x.png */ = {isa = PBXFileReference; lastKnownFileType = image.png; path = "ios7-analytics@3x.png"; sourceTree = "<group>"; };
		65AC90BC1C194C5B00C2C9F0 /* ios7-bookmarks@1x.png */ = {isa = PBXFileReference; lastKnownFileType = image.png; path = "ios7-bookmarks@1x.png"; sourceTree = "<group>"; };
		65AC90BD1C194C5B00C2C9F0 /* ios7-bookmarks@2x.png */ = {isa = PBXFileReference; lastKnownFileType = image.png; path = "ios7-bookmarks@2x.png"; sourceTree = "<group>"; };
		65AC90BE1C194C5B00C2C9F0 /* ios7-bookmarks@3x.png */ = {isa = PBXFileReference; lastKnownFileType = image.png; path = "ios7-bookmarks@3x.png"; sourceTree = "<group>"; };
		65AC90BF1C194C5B00C2C9F0 /* ios7-person@1x.png */ = {isa = PBXFileReference; lastKnownFileType = image.png; path = "ios7-person@1x.png"; sourceTree = "<group>"; };
		65AC90C01C194C5B00C2C9F0 /* ios7-person@2x.png */ = {isa = PBXFileReference; lastKnownFileType = image.png; path = "ios7-person@2x.png"; sourceTree = "<group>"; };
		65AC90C11C194C5B00C2C9F0 /* ios7-person@3x.png */ = {isa = PBXFileReference; lastKnownFileType = image.png; path = "ios7-person@3x.png"; sourceTree = "<group>"; };
		65AC90C21C194C5B00C2C9F0 /* ios7-pulse@1x.png */ = {isa = PBXFileReference; lastKnownFileType = image.png; path = "ios7-pulse@1x.png"; sourceTree = "<group>"; };
		65AC90C31C194C5B00C2C9F0 /* ios7-pulse@2x.png */ = {isa = PBXFileReference; lastKnownFileType = image.png; path = "ios7-pulse@2x.png"; sourceTree = "<group>"; };
		65AC90C41C194C5B00C2C9F0 /* ios7-pulse@3x.png */ = {isa = PBXFileReference; lastKnownFileType = image.png; path = "ios7-pulse@3x.png"; sourceTree = "<group>"; };
		65C560E21C1BC4A300BF8E19 /* Snap415UserProfileBase.h */ = {isa = PBXFileReference; fileEncoding = 4; lastKnownFileType = sourcecode.c.h; name = Snap415UserProfileBase.h; path = dto/Snap415UserProfileBase.h; sourceTree = "<group>"; };
		65C560E31C1BC4A300BF8E19 /* Snap415UserProfileBase.m */ = {isa = PBXFileReference; fileEncoding = 4; lastKnownFileType = sourcecode.c.objc; name = Snap415UserProfileBase.m; path = dto/Snap415UserProfileBase.m; sourceTree = "<group>"; };
		65C560E81C1BEFF800BF8E19 /* AccountViewController.h */ = {isa = PBXFileReference; fileEncoding = 4; lastKnownFileType = sourcecode.c.h; path = AccountViewController.h; sourceTree = "<group>"; };
		65C560E91C1BEFF800BF8E19 /* AccountViewController.m */ = {isa = PBXFileReference; fileEncoding = 4; lastKnownFileType = sourcecode.c.objc; path = AccountViewController.m; sourceTree = "<group>"; };
		65C560EB1C1BF32500BF8E19 /* Snap415Model.h */ = {isa = PBXFileReference; fileEncoding = 4; lastKnownFileType = sourcecode.c.h; name = Snap415Model.h; path = models/Snap415Model.h; sourceTree = "<group>"; };
		65C560EC1C1BF32500BF8E19 /* Snap415Model.m */ = {isa = PBXFileReference; fileEncoding = 4; lastKnownFileType = sourcecode.c.objc; name = Snap415Model.m; path = models/Snap415Model.m; sourceTree = "<group>"; };
		65C560EE1C1BFD9800BF8E19 /* SqootDealsObject.h */ = {isa = PBXFileReference; fileEncoding = 4; lastKnownFileType = sourcecode.c.h; name = SqootDealsObject.h; path = dto/SqootDealsObject.h; sourceTree = "<group>"; };
		65C560EF1C1BFD9800BF8E19 /* SqootDealsObject.m */ = {isa = PBXFileReference; fileEncoding = 4; lastKnownFileType = sourcecode.c.objc; name = SqootDealsObject.m; path = dto/SqootDealsObject.m; sourceTree = "<group>"; };
		65C560F11C1BFDCE00BF8E19 /* SqootQuery.h */ = {isa = PBXFileReference; fileEncoding = 4; lastKnownFileType = sourcecode.c.h; name = SqootQuery.h; path = dto/SqootQuery.h; sourceTree = "<group>"; };
		65C560F21C1BFDCE00BF8E19 /* SqootQuery.m */ = {isa = PBXFileReference; fileEncoding = 4; lastKnownFileType = sourcecode.c.objc; name = SqootQuery.m; path = dto/SqootQuery.m; sourceTree = "<group>"; };
		65C560F41C1BFE0200BF8E19 /* SqootQueryLocation.h */ = {isa = PBXFileReference; fileEncoding = 4; lastKnownFileType = sourcecode.c.h; name = SqootQueryLocation.h; path = dto/SqootQueryLocation.h; sourceTree = "<group>"; };
		65C560F51C1BFE0200BF8E19 /* SqootQueryLocation.m */ = {isa = PBXFileReference; fileEncoding = 4; lastKnownFileType = sourcecode.c.objc; name = SqootQueryLocation.m; path = dto/SqootQueryLocation.m; sourceTree = "<group>"; };
		65C560F71C1C011B00BF8E19 /* Snap415TaxEvent.h */ = {isa = PBXFileReference; fileEncoding = 4; lastKnownFileType = sourcecode.c.h; name = Snap415TaxEvent.h; path = dto/Snap415TaxEvent.h; sourceTree = "<group>"; };
		65C560F81C1C011B00BF8E19 /* Snap415TaxEvent.m */ = {isa = PBXFileReference; fileEncoding = 4; lastKnownFileType = sourcecode.c.objc; name = Snap415TaxEvent.m; path = dto/Snap415TaxEvent.m; sourceTree = "<group>"; };
		65C560FA1C1C018300BF8E19 /* Snap415UserTaxEvents.h */ = {isa = PBXFileReference; fileEncoding = 4; lastKnownFileType = sourcecode.c.h; name = Snap415UserTaxEvents.h; path = dto/Snap415UserTaxEvents.h; sourceTree = "<group>"; };
		65C560FB1C1C018300BF8E19 /* Snap415UserTaxEvents.m */ = {isa = PBXFileReference; fileEncoding = 4; lastKnownFileType = sourcecode.c.objc; name = Snap415UserTaxEvents.m; path = dto/Snap415UserTaxEvents.m; sourceTree = "<group>"; };
		65C560FD1C1C11B000BF8E19 /* SqootDealObject.h */ = {isa = PBXFileReference; fileEncoding = 4; lastKnownFileType = sourcecode.c.h; name = SqootDealObject.h; path = dto/SqootDealObject.h; sourceTree = "<group>"; };
		65C560FE1C1C11B000BF8E19 /* SqootDealObject.m */ = {isa = PBXFileReference; fileEncoding = 4; lastKnownFileType = sourcecode.c.objc; name = SqootDealObject.m; path = dto/SqootDealObject.m; sourceTree = "<group>"; };
		65C561001C1C13DE00BF8E19 /* DealsViewController.h */ = {isa = PBXFileReference; fileEncoding = 4; lastKnownFileType = sourcecode.c.h; path = DealsViewController.h; sourceTree = "<group>"; };
		65C561011C1C13DE00BF8E19 /* DealsViewController.m */ = {isa = PBXFileReference; fileEncoding = 4; lastKnownFileType = sourcecode.c.objc; path = DealsViewController.m; sourceTree = "<group>"; };
		65C561081C1D37EE00BF8E19 /* TableViewCell4WebObject.h */ = {isa = PBXFileReference; fileEncoding = 4; lastKnownFileType = sourcecode.c.h; path = TableViewCell4WebObject.h; sourceTree = "<group>"; };
		65C561091C1D37EE00BF8E19 /* TableViewCell4WebObject.m */ = {isa = PBXFileReference; fileEncoding = 4; lastKnownFileType = sourcecode.c.objc; path = TableViewCell4WebObject.m; sourceTree = "<group>"; };
		65C5610B1C1D55B300BF8E19 /* AccountSettingsViewController.h */ = {isa = PBXFileReference; fileEncoding = 4; lastKnownFileType = sourcecode.c.h; path = AccountSettingsViewController.h; sourceTree = "<group>"; };
		65C5610C1C1D55B300BF8E19 /* AccountSettingsViewController.m */ = {isa = PBXFileReference; fileEncoding = 4; lastKnownFileType = sourcecode.c.objc; path = AccountSettingsViewController.m; sourceTree = "<group>"; };
		A3D226CB33FD43D1F1418341 /* Pods.release.xcconfig */ = {isa = PBXFileReference; includeInIndex = 1; lastKnownFileType = text.xcconfig; name = Pods.release.xcconfig; path = "Pods/Target Support Files/Pods/Pods.release.xcconfig"; sourceTree = "<group>"; };
		D335C52C33EB0229AEBCDA90 /* Pods.debug.xcconfig */ = {isa = PBXFileReference; includeInIndex = 1; lastKnownFileType = text.xcconfig; name = Pods.debug.xcconfig; path = "Pods/Target Support Files/Pods/Pods.debug.xcconfig"; sourceTree = "<group>"; };
/* End PBXFileReference section */

/* Begin PBXFrameworksBuildPhase section */
		6505C57B1C152CFC0040E055 /* Frameworks */ = {
			isa = PBXFrameworksBuildPhase;
			buildActionMask = 2147483647;
			files = (
				6505C5BD1C1534E50040E055 /* FBSDKLoginKit.framework in Frameworks */,
				6505C5BA1C1530BD0040E055 /* FBSDKCoreKit.framework in Frameworks */,
				905ED5A2A9F477941F17EA3F /* libPods.a in Frameworks */,
			);
			runOnlyForDeploymentPostprocessing = 0;
		};
		6505C5971C152D060040E055 /* Frameworks */ = {
			isa = PBXFrameworksBuildPhase;
			buildActionMask = 2147483647;
			files = (
			);
			runOnlyForDeploymentPostprocessing = 0;
		};
		6505C5A21C152D070040E055 /* Frameworks */ = {
			isa = PBXFrameworksBuildPhase;
			buildActionMask = 2147483647;
			files = (
			);
			runOnlyForDeploymentPostprocessing = 0;
		};
/* End PBXFrameworksBuildPhase section */

/* Begin PBXGroup section */
		6505C5751C152CFC0040E055 = {
			isa = PBXGroup;
			children = (
				6505C5BB1C1530CE0040E055 /* Frameworks */,
				6505C5801C152CFD0040E055 /* CrispyOctoMoo */,
				6505C59D1C152D060040E055 /* CrispyOctoMooTests */,
				6505C5A81C152D070040E055 /* CrispyOctoMooUITests */,
				6505C57F1C152CFC0040E055 /* Products */,
				7F4636ED5CECB36EE4D0EE16 /* Pods */,
			);
			sourceTree = "<group>";
		};
		6505C57F1C152CFC0040E055 /* Products */ = {
			isa = PBXGroup;
			children = (
				6505C57E1C152CFC0040E055 /* CrispyOctoMoo.app */,
				6505C59A1C152D060040E055 /* CrispyOctoMoo.xctest */,
				6505C5A51C152D070040E055 /* CrispyOctoMoo.xctest */,
			);
			name = Products;
			sourceTree = "<group>";
		};
		6505C5801C152CFD0040E055 /* CrispyOctoMoo */ = {
			isa = PBXGroup;
			children = (
				65AC90B81C194C4C00C2C9F0 /* icons */,
				6505C5C41C158B290040E055 /* models */,
				6505C5841C152CFE0040E055 /* AppDelegate.h */,
				6505C5851C152CFF0040E055 /* AppDelegate.m */,
				6505C5871C152CFF0040E055 /* OverviewsViewController.h */,
				6505C5881C152CFF0040E055 /* OverviewsViewController.m */,
				6505C58A1C152CFF0040E055 /* EventsViewController.h */,
				6505C58B1C152D000040E055 /* EventsViewController.m */,
				6505C58D1C152D020040E055 /* Main.storyboard */,
				6505C5901C152D050040E055 /* Assets.xcassets */,
				6505C5921C152D060040E055 /* LaunchScreen.storyboard */,
				6505C5951C152D060040E055 /* Info.plist */,
				6505C5811C152CFE0040E055 /* Supporting Files */,
				6505C5C01C1589AC0040E055 /* Snap415API.h */,
				6505C5C11C1589AC0040E055 /* Snap415API.m */,
				659A8E361C1A9D6100770B46 /* SocialLoginPopupViewController.h */,
				659A8E371C1A9D6100770B46 /* SocialLoginPopupViewController.m */,
				65C560E81C1BEFF800BF8E19 /* AccountViewController.h */,
				65C560E91C1BEFF800BF8E19 /* AccountViewController.m */,
				65C561001C1C13DE00BF8E19 /* DealsViewController.h */,
				65C561011C1C13DE00BF8E19 /* DealsViewController.m */,
				65C561081C1D37EE00BF8E19 /* TableViewCell4WebObject.h */,
				65C561091C1D37EE00BF8E19 /* TableViewCell4WebObject.m */,
				65C5610B1C1D55B300BF8E19 /* AccountSettingsViewController.h */,
				65C5610C1C1D55B300BF8E19 /* AccountSettingsViewController.m */,
				657487961C1FA2F40099A4DB /* DetailMePopupViewController.h */,
				657487971C1FA2F40099A4DB /* DetailMePopupViewController.m */,
				657C00C91C254382001E411B /* TableViewCell4WebObject.xib */,
			);
			path = CrispyOctoMoo;
			sourceTree = "<group>";
		};
		6505C5811C152CFE0040E055 /* Supporting Files */ = {
			isa = PBXGroup;
			children = (
				6505C5821C152CFE0040E055 /* main.m */,
				652204A71C15B7B900AC45CD /* CrispyOctoMoo-Prefix.pch */,
			);
			name = "Supporting Files";
			sourceTree = "<group>";
		};
		6505C59D1C152D060040E055 /* CrispyOctoMooTests */ = {
			isa = PBXGroup;
			children = (
				6505C59E1C152D060040E055 /* CrispyOctoMooTests.m */,
				6505C5A01C152D070040E055 /* Info.plist */,
			);
			path = CrispyOctoMooTests;
			sourceTree = "<group>";
		};
		6505C5A81C152D070040E055 /* CrispyOctoMooUITests */ = {
			isa = PBXGroup;
			children = (
				6505C5A91C152D080040E055 /* CrispyOctoMooUITests.m */,
				6505C5AB1C152D080040E055 /* Info.plist */,
			);
			path = CrispyOctoMooUITests;
			sourceTree = "<group>";
		};
		6505C5BB1C1530CE0040E055 /* Frameworks */ = {
			isa = PBXGroup;
			children = (
				6505C5BC1C1534E50040E055 /* FBSDKLoginKit.framework */,
				6505C5B91C1530BD0040E055 /* FBSDKCoreKit.framework */,
				27D3CDDFF7269ACA3912C959 /* libPods.a */,
			);
			name = Frameworks;
			sourceTree = "<group>";
		};
		6505C5C41C158B290040E055 /* models */ = {
			isa = PBXGroup;
			children = (
				652204AD1C16628300AC45CD /* dto */,
				65C560EB1C1BF32500BF8E19 /* Snap415Model.h */,
				65C560EC1C1BF32500BF8E19 /* Snap415Model.m */,
			);
			name = models;
			sourceTree = "<group>";
		};
		652204AD1C16628300AC45CD /* dto */ = {
			isa = PBXGroup;
			children = (
				6505C5C71C15902A0040E055 /* Snap415Token.h */,
				6505C5C81C15902A0040E055 /* Snap415Token.m */,
				652204A81C15BA9000AC45CD /* Snap415UserProfile.h */,
				652204A91C15BA9000AC45CD /* Snap415UserProfile.m */,
				6517AC431C1905B600365394 /* WebSiteObject.h */,
				6517AC441C1905B600365394 /* WebSiteObject.m */,
				6517AC251C18886700365394 /* ChildrenCategory.h */,
				6517AC261C18886700365394 /* ChildrenCategory.m */,
				6517AC281C1888AF00365394 /* ChildrenKeywords.h */,
				6517AC291C1888AF00365394 /* ChildrenKeywords.m */,
				6517AC2B1C18892B00365394 /* SqootDeal.h */,
				6517AC2C1C18892B00365394 /* SqootDeal.m */,
				6517AC2E1C1889B900365394 /* Snap415Deal.h */,
				6517AC2F1C1889B900365394 /* Snap415Deal.m */,
				6517AC311C188B3C00365394 /* SqootMerchant.h */,
				6517AC321C188B3C00365394 /* SqootMerchant.m */,
				6517AC341C188C0900365394 /* SqootDealCategory.h */,
				6517AC351C188C0900365394 /* SqootDealCategory.m */,
				6517AC371C188CD000365394 /* EITCCreditObject.h */,
				6517AC381C188CD000365394 /* EITCCreditObject.m */,
				6517AC3A1C188D6400365394 /* LabelValueObject.h */,
				6517AC3B1C188D6400365394 /* LabelValueObject.m */,
				6517AC3D1C188DC400365394 /* LabelGroupObject.h */,
				6517AC3E1C188DC400365394 /* LabelGroupObject.m */,
				6517AC401C188E1C00365394 /* LabelObject.h */,
				6517AC411C188E1C00365394 /* LabelObject.m */,
				65C560E21C1BC4A300BF8E19 /* Snap415UserProfileBase.h */,
				65C560E31C1BC4A300BF8E19 /* Snap415UserProfileBase.m */,
				65C560EE1C1BFD9800BF8E19 /* SqootDealsObject.h */,
				65C560EF1C1BFD9800BF8E19 /* SqootDealsObject.m */,
				65C560F11C1BFDCE00BF8E19 /* SqootQuery.h */,
				65C560F21C1BFDCE00BF8E19 /* SqootQuery.m */,
				65C560F41C1BFE0200BF8E19 /* SqootQueryLocation.h */,
				65C560F51C1BFE0200BF8E19 /* SqootQueryLocation.m */,
				65C560F71C1C011B00BF8E19 /* Snap415TaxEvent.h */,
				65C560F81C1C011B00BF8E19 /* Snap415TaxEvent.m */,
				65C560FA1C1C018300BF8E19 /* Snap415UserTaxEvents.h */,
				65C560FB1C1C018300BF8E19 /* Snap415UserTaxEvents.m */,
				65C560FD1C1C11B000BF8E19 /* SqootDealObject.h */,
				65C560FE1C1C11B000BF8E19 /* SqootDealObject.m */,
			);
			name = dto;
			sourceTree = "<group>";
		};
		65AC90B81C194C4C00C2C9F0 /* icons */ = {
			isa = PBXGroup;
			children = (
				65AC90B91C194C5B00C2C9F0 /* ios7-analytics@1x.png */,
				65AC90BA1C194C5B00C2C9F0 /* ios7-analytics@2x.png */,
				65AC90BB1C194C5B00C2C9F0 /* ios7-analytics@3x.png */,
				65AC90BC1C194C5B00C2C9F0 /* ios7-bookmarks@1x.png */,
				65AC90BD1C194C5B00C2C9F0 /* ios7-bookmarks@2x.png */,
				65AC90BE1C194C5B00C2C9F0 /* ios7-bookmarks@3x.png */,
				65AC90BF1C194C5B00C2C9F0 /* ios7-person@1x.png */,
				65AC90C01C194C5B00C2C9F0 /* ios7-person@2x.png */,
				65AC90C11C194C5B00C2C9F0 /* ios7-person@3x.png */,
				65AC90C21C194C5B00C2C9F0 /* ios7-pulse@1x.png */,
				65AC90C31C194C5B00C2C9F0 /* ios7-pulse@2x.png */,
				65AC90C41C194C5B00C2C9F0 /* ios7-pulse@3x.png */,
			);
			name = icons;
			sourceTree = "<group>";
		};
		7F4636ED5CECB36EE4D0EE16 /* Pods */ = {
			isa = PBXGroup;
			children = (
				D335C52C33EB0229AEBCDA90 /* Pods.debug.xcconfig */,
				A3D226CB33FD43D1F1418341 /* Pods.release.xcconfig */,
			);
			name = Pods;
			sourceTree = "<group>";
		};
/* End PBXGroup section */

/* Begin PBXNativeTarget section */
		6505C57D1C152CFC0040E055 /* CrispyOctoMoo */ = {
			isa = PBXNativeTarget;
			buildConfigurationList = 6505C5AE1C152D080040E055 /* Build configuration list for PBXNativeTarget "CrispyOctoMoo" */;
			buildPhases = (
				9DAF7282E8AD330D65D30EA4 /* Check Pods Manifest.lock */,
				6505C57A1C152CFC0040E055 /* Sources */,
				6505C57B1C152CFC0040E055 /* Frameworks */,
				6505C57C1C152CFC0040E055 /* Resources */,
				9537875007C8E17A3F080325 /* Embed Pods Frameworks */,
				240BB191EA12E22B20446F86 /* Copy Pods Resources */,
			);
			buildRules = (
			);
			dependencies = (
			);
			name = CrispyOctoMoo;
			productName = CrispyOctoMoo;
			productReference = 6505C57E1C152CFC0040E055 /* CrispyOctoMoo.app */;
			productType = "com.apple.product-type.application";
		};
		6505C5991C152D060040E055 /* CrispyOctoMooTests */ = {
			isa = PBXNativeTarget;
			buildConfigurationList = 6505C5B11C152D080040E055 /* Build configuration list for PBXNativeTarget "CrispyOctoMooTests" */;
			buildPhases = (
				6505C5961C152D060040E055 /* Sources */,
				6505C5971C152D060040E055 /* Frameworks */,
				6505C5981C152D060040E055 /* Resources */,
			);
			buildRules = (
			);
			dependencies = (
				6505C59C1C152D060040E055 /* PBXTargetDependency */,
			);
			name = CrispyOctoMooTests;
			productName = CrispyOctoMooTests;
			productReference = 6505C59A1C152D060040E055 /* CrispyOctoMoo.xctest */;
			productType = "com.apple.product-type.bundle.unit-test";
		};
		6505C5A41C152D070040E055 /* CrispyOctoMooUITests */ = {
			isa = PBXNativeTarget;
			buildConfigurationList = 6505C5B41C152D080040E055 /* Build configuration list for PBXNativeTarget "CrispyOctoMooUITests" */;
			buildPhases = (
				6505C5A11C152D070040E055 /* Sources */,
				6505C5A21C152D070040E055 /* Frameworks */,
				6505C5A31C152D070040E055 /* Resources */,
			);
			buildRules = (
			);
			dependencies = (
				6505C5A71C152D070040E055 /* PBXTargetDependency */,
			);
			name = CrispyOctoMooUITests;
			productName = CrispyOctoMooUITests;
			productReference = 6505C5A51C152D070040E055 /* CrispyOctoMoo.xctest */;
			productType = "com.apple.product-type.bundle.ui-testing";
		};
/* End PBXNativeTarget section */

/* Begin PBXProject section */
		6505C5761C152CFC0040E055 /* Project object */ = {
			isa = PBXProject;
			attributes = {
				LastUpgradeCheck = 0720;
				ORGANIZATIONNAME = SMARTKIT.INFO;
				TargetAttributes = {
					6505C57D1C152CFC0040E055 = {
						CreatedOnToolsVersion = 7.2;
						DevelopmentTeam = 63X9SGW3ZX;
					};
					6505C5991C152D060040E055 = {
						CreatedOnToolsVersion = 7.2;
						TestTargetID = 6505C57D1C152CFC0040E055;
					};
					6505C5A41C152D070040E055 = {
						CreatedOnToolsVersion = 7.2;
						TestTargetID = 6505C57D1C152CFC0040E055;
					};
				};
			};
			buildConfigurationList = 6505C5791C152CFC0040E055 /* Build configuration list for PBXProject "CrispyOctoMoo" */;
			compatibilityVersion = "Xcode 3.2";
			developmentRegion = English;
			hasScannedForEncodings = 0;
			knownRegions = (
				en,
				Base,
			);
			mainGroup = 6505C5751C152CFC0040E055;
			productRefGroup = 6505C57F1C152CFC0040E055 /* Products */;
			projectDirPath = "";
			projectRoot = "";
			targets = (
				6505C57D1C152CFC0040E055 /* CrispyOctoMoo */,
				6505C5991C152D060040E055 /* CrispyOctoMooTests */,
				6505C5A41C152D070040E055 /* CrispyOctoMooUITests */,
			);
		};
/* End PBXProject section */

/* Begin PBXResourcesBuildPhase section */
		6505C57C1C152CFC0040E055 /* Resources */ = {
			isa = PBXResourcesBuildPhase;
			buildActionMask = 2147483647;
			files = (
				65AC90CC1C194C5B00C2C9F0 /* ios7-person@2x.png in Resources */,
				65AC90C51C194C5B00C2C9F0 /* ios7-analytics@1x.png in Resources */,
				65AC90CD1C194C5B00C2C9F0 /* ios7-person@3x.png in Resources */,
				65AC90D01C194C5B00C2C9F0 /* ios7-pulse@3x.png in Resources */,
				65AC90C81C194C5B00C2C9F0 /* ios7-bookmarks@1x.png in Resources */,
				65AC90CF1C194C5B00C2C9F0 /* ios7-pulse@2x.png in Resources */,
				65AC90C91C194C5B00C2C9F0 /* ios7-bookmarks@2x.png in Resources */,
				6505C5941C152D060040E055 /* LaunchScreen.storyboard in Resources */,
				65AC90C61C194C5B00C2C9F0 /* ios7-analytics@2x.png in Resources */,
				657C00CA1C254382001E411B /* TableViewCell4WebObject.xib in Resources */,
				6505C5911C152D050040E055 /* Assets.xcassets in Resources */,
				65AC90CB1C194C5B00C2C9F0 /* ios7-person@1x.png in Resources */,
				65AC90C71C194C5B00C2C9F0 /* ios7-analytics@3x.png in Resources */,
				65AC90CE1C194C5B00C2C9F0 /* ios7-pulse@1x.png in Resources */,
				65AC90CA1C194C5B00C2C9F0 /* ios7-bookmarks@3x.png in Resources */,
				6505C58F1C152D020040E055 /* Main.storyboard in Resources */,
			);
			runOnlyForDeploymentPostprocessing = 0;
		};
		6505C5981C152D060040E055 /* Resources */ = {
			isa = PBXResourcesBuildPhase;
			buildActionMask = 2147483647;
			files = (
			);
			runOnlyForDeploymentPostprocessing = 0;
		};
		6505C5A31C152D070040E055 /* Resources */ = {
			isa = PBXResourcesBuildPhase;
			buildActionMask = 2147483647;
			files = (
			);
			runOnlyForDeploymentPostprocessing = 0;
		};
/* End PBXResourcesBuildPhase section */

/* Begin PBXShellScriptBuildPhase section */
		240BB191EA12E22B20446F86 /* Copy Pods Resources */ = {
			isa = PBXShellScriptBuildPhase;
			buildActionMask = 2147483647;
			files = (
			);
			inputPaths = (
			);
			name = "Copy Pods Resources";
			outputPaths = (
			);
			runOnlyForDeploymentPostprocessing = 0;
			shellPath = /bin/sh;
			shellScript = "\"${SRCROOT}/Pods/Target Support Files/Pods/Pods-resources.sh\"\n";
			showEnvVarsInLog = 0;
		};
		9537875007C8E17A3F080325 /* Embed Pods Frameworks */ = {
			isa = PBXShellScriptBuildPhase;
			buildActionMask = 2147483647;
			files = (
			);
			inputPaths = (
			);
			name = "Embed Pods Frameworks";
			outputPaths = (
			);
			runOnlyForDeploymentPostprocessing = 0;
			shellPath = /bin/sh;
			shellScript = "\"${SRCROOT}/Pods/Target Support Files/Pods/Pods-frameworks.sh\"\n";
			showEnvVarsInLog = 0;
		};
		9DAF7282E8AD330D65D30EA4 /* Check Pods Manifest.lock */ = {
			isa = PBXShellScriptBuildPhase;
			buildActionMask = 2147483647;
			files = (
			);
			inputPaths = (
			);
			name = "Check Pods Manifest.lock";
			outputPaths = (
			);
			runOnlyForDeploymentPostprocessing = 0;
			shellPath = /bin/sh;
			shellScript = "diff \"${PODS_ROOT}/../Podfile.lock\" \"${PODS_ROOT}/Manifest.lock\" > /dev/null\nif [[ $? != 0 ]] ; then\n    cat << EOM\nerror: The sandbox is not in sync with the Podfile.lock. Run 'pod install' or update your CocoaPods installation.\nEOM\n    exit 1\nfi\n";
			showEnvVarsInLog = 0;
		};
/* End PBXShellScriptBuildPhase section */

/* Begin PBXSourcesBuildPhase section */
		6505C57A1C152CFC0040E055 /* Sources */ = {
			isa = PBXSourcesBuildPhase;
			buildActionMask = 2147483647;
			files = (
				6517AC451C1905B600365394 /* WebSiteObject.m in Sources */,
				6517AC361C188C0900365394 /* SqootDealCategory.m in Sources */,
				65C560E41C1BC4A300BF8E19 /* Snap415UserProfileBase.m in Sources */,
				659A8E391C1A9D6100770B46 /* SocialLoginPopupViewController.m in Sources */,
				6517AC3C1C188D6400365394 /* LabelValueObject.m in Sources */,
				6517AC271C18886700365394 /* ChildrenCategory.m in Sources */,
				6517AC391C188CD000365394 /* EITCCreditObject.m in Sources */,
				65C560F61C1BFE0200BF8E19 /* SqootQueryLocation.m in Sources */,
				6517AC3F1C188DC400365394 /* LabelGroupObject.m in Sources */,
				6505C5C21C1589AC0040E055 /* Snap415API.m in Sources */,
				6517AC2A1C1888AF00365394 /* ChildrenKeywords.m in Sources */,
				65C5610D1C1D55B300BF8E19 /* AccountSettingsViewController.m in Sources */,
				6505C5C91C15902A0040E055 /* Snap415Token.m in Sources */,
				65C561021C1C13DE00BF8E19 /* DealsViewController.m in Sources */,
				65C560F31C1BFDCE00BF8E19 /* SqootQuery.m in Sources */,
				6505C58C1C152D000040E055 /* EventsViewController.m in Sources */,
				657487981C1FA2F40099A4DB /* DetailMePopupViewController.m in Sources */,
				6517AC421C188E1C00365394 /* LabelObject.m in Sources */,
				65C560FF1C1C11B000BF8E19 /* SqootDealObject.m in Sources */,
				652204AA1C15BA9000AC45CD /* Snap415UserProfile.m in Sources */,
				6505C5861C152CFF0040E055 /* AppDelegate.m in Sources */,
				65C5610A1C1D37EE00BF8E19 /* TableViewCell4WebObject.m in Sources */,
				6505C5891C152CFF0040E055 /* OverviewsViewController.m in Sources */,
				65C560EA1C1BEFF800BF8E19 /* AccountViewController.m in Sources */,
				65C560F91C1C011B00BF8E19 /* Snap415TaxEvent.m in Sources */,
				6505C5831C152CFE0040E055 /* main.m in Sources */,
				6517AC301C1889B900365394 /* Snap415Deal.m in Sources */,
				6517AC2D1C18892B00365394 /* SqootDeal.m in Sources */,
				65C560F01C1BFD9800BF8E19 /* SqootDealsObject.m in Sources */,
				65C560ED1C1BF32500BF8E19 /* Snap415Model.m in Sources */,
				6517AC331C188B3C00365394 /* SqootMerchant.m in Sources */,
				65C560FC1C1C018300BF8E19 /* Snap415UserTaxEvents.m in Sources */,
			);
			runOnlyForDeploymentPostprocessing = 0;
		};
		6505C5961C152D060040E055 /* Sources */ = {
			isa = PBXSourcesBuildPhase;
			buildActionMask = 2147483647;
			files = (
				6505C59F1C152D060040E055 /* CrispyOctoMooTests.m in Sources */,
			);
			runOnlyForDeploymentPostprocessing = 0;
		};
		6505C5A11C152D070040E055 /* Sources */ = {
			isa = PBXSourcesBuildPhase;
			buildActionMask = 2147483647;
			files = (
				6505C5AA1C152D080040E055 /* CrispyOctoMooUITests.m in Sources */,
			);
			runOnlyForDeploymentPostprocessing = 0;
		};
/* End PBXSourcesBuildPhase section */

/* Begin PBXTargetDependency section */
		6505C59C1C152D060040E055 /* PBXTargetDependency */ = {
			isa = PBXTargetDependency;
			target = 6505C57D1C152CFC0040E055 /* CrispyOctoMoo */;
			targetProxy = 6505C59B1C152D060040E055 /* PBXContainerItemProxy */;
		};
		6505C5A71C152D070040E055 /* PBXTargetDependency */ = {
			isa = PBXTargetDependency;
			target = 6505C57D1C152CFC0040E055 /* CrispyOctoMoo */;
			targetProxy = 6505C5A61C152D070040E055 /* PBXContainerItemProxy */;
		};
/* End PBXTargetDependency section */

/* Begin PBXVariantGroup section */
		6505C58D1C152D020040E055 /* Main.storyboard */ = {
			isa = PBXVariantGroup;
			children = (
				6505C58E1C152D020040E055 /* Base */,
			);
			name = Main.storyboard;
			sourceTree = "<group>";
		};
		6505C5921C152D060040E055 /* LaunchScreen.storyboard */ = {
			isa = PBXVariantGroup;
			children = (
				6505C5931C152D060040E055 /* Base */,
			);
			name = LaunchScreen.storyboard;
			sourceTree = "<group>";
		};
/* End PBXVariantGroup section */

/* Begin XCBuildConfiguration section */
		6505C5AC1C152D080040E055 /* Debug */ = {
			isa = XCBuildConfiguration;
			buildSettings = {
				ALWAYS_SEARCH_USER_PATHS = NO;
				CLANG_CXX_LANGUAGE_STANDARD = "gnu++0x";
				CLANG_CXX_LIBRARY = "libc++";
				CLANG_ENABLE_MODULES = YES;
				CLANG_ENABLE_OBJC_ARC = YES;
				CLANG_WARN_BOOL_CONVERSION = YES;
				CLANG_WARN_CONSTANT_CONVERSION = YES;
				CLANG_WARN_DIRECT_OBJC_ISA_USAGE = YES_ERROR;
				CLANG_WARN_EMPTY_BODY = YES;
				CLANG_WARN_ENUM_CONVERSION = YES;
				CLANG_WARN_INT_CONVERSION = YES;
				CLANG_WARN_OBJC_ROOT_CLASS = YES_ERROR;
				CLANG_WARN_UNREACHABLE_CODE = YES;
				CLANG_WARN__DUPLICATE_METHOD_MATCH = YES;
				"CODE_SIGN_IDENTITY[sdk=iphoneos*]" = "iPhone Developer";
				COPY_PHASE_STRIP = NO;
				DEBUG_INFORMATION_FORMAT = dwarf;
				ENABLE_STRICT_OBJC_MSGSEND = YES;
				ENABLE_TESTABILITY = YES;
				GCC_C_LANGUAGE_STANDARD = gnu99;
				GCC_DYNAMIC_NO_PIC = NO;
				GCC_NO_COMMON_BLOCKS = YES;
				GCC_OPTIMIZATION_LEVEL = 0;
				GCC_PREPROCESSOR_DEFINITIONS = (
					"DEBUG=1",
					"$(inherited)",
				);
				GCC_WARN_64_TO_32_BIT_CONVERSION = YES;
				GCC_WARN_ABOUT_RETURN_TYPE = YES_ERROR;
				GCC_WARN_UNDECLARED_SELECTOR = YES;
				GCC_WARN_UNINITIALIZED_AUTOS = YES_AGGRESSIVE;
				GCC_WARN_UNUSED_FUNCTION = YES;
				GCC_WARN_UNUSED_VARIABLE = YES;
				IPHONEOS_DEPLOYMENT_TARGET = 9.2;
				MTL_ENABLE_DEBUG_INFO = YES;
				ONLY_ACTIVE_ARCH = YES;
				SDKROOT = iphoneos;
				TARGETED_DEVICE_FAMILY = "1,2";
			};
			name = Debug;
		};
		6505C5AD1C152D080040E055 /* Release */ = {
			isa = XCBuildConfiguration;
			buildSettings = {
				ALWAYS_SEARCH_USER_PATHS = NO;
				CLANG_CXX_LANGUAGE_STANDARD = "gnu++0x";
				CLANG_CXX_LIBRARY = "libc++";
				CLANG_ENABLE_MODULES = YES;
				CLANG_ENABLE_OBJC_ARC = YES;
				CLANG_WARN_BOOL_CONVERSION = YES;
				CLANG_WARN_CONSTANT_CONVERSION = YES;
				CLANG_WARN_DIRECT_OBJC_ISA_USAGE = YES_ERROR;
				CLANG_WARN_EMPTY_BODY = YES;
				CLANG_WARN_ENUM_CONVERSION = YES;
				CLANG_WARN_INT_CONVERSION = YES;
				CLANG_WARN_OBJC_ROOT_CLASS = YES_ERROR;
				CLANG_WARN_UNREACHABLE_CODE = YES;
				CLANG_WARN__DUPLICATE_METHOD_MATCH = YES;
				"CODE_SIGN_IDENTITY[sdk=iphoneos*]" = "iPhone Developer";
				COPY_PHASE_STRIP = NO;
				DEBUG_INFORMATION_FORMAT = "dwarf-with-dsym";
				ENABLE_NS_ASSERTIONS = NO;
				ENABLE_STRICT_OBJC_MSGSEND = YES;
				GCC_C_LANGUAGE_STANDARD = gnu99;
				GCC_NO_COMMON_BLOCKS = YES;
				GCC_WARN_64_TO_32_BIT_CONVERSION = YES;
				GCC_WARN_ABOUT_RETURN_TYPE = YES_ERROR;
				GCC_WARN_UNDECLARED_SELECTOR = YES;
				GCC_WARN_UNINITIALIZED_AUTOS = YES_AGGRESSIVE;
				GCC_WARN_UNUSED_FUNCTION = YES;
				GCC_WARN_UNUSED_VARIABLE = YES;
				IPHONEOS_DEPLOYMENT_TARGET = 9.2;
				MTL_ENABLE_DEBUG_INFO = NO;
				SDKROOT = iphoneos;
				TARGETED_DEVICE_FAMILY = "1,2";
				VALIDATE_PRODUCT = YES;
			};
			name = Release;
		};
		6505C5AF1C152D080040E055 /* Debug */ = {
			isa = XCBuildConfiguration;
			baseConfigurationReference = D335C52C33EB0229AEBCDA90 /* Pods.debug.xcconfig */;
			buildSettings = {
				ASSETCATALOG_COMPILER_APPICON_NAME = AppIcon;
				CODE_SIGN_IDENTITY = "iPhone Developer";
				ENABLE_BITCODE = NO;
				FRAMEWORK_SEARCH_PATHS = (
					"$(inherited)",
					"$(PROJECT_DIR)/FacebookSDKs",
				);
				INFOPLIST_FILE = CrispyOctoMoo/Info.plist;
				IPHONEOS_DEPLOYMENT_TARGET = 7.0;
				LD_RUNPATH_SEARCH_PATHS = "$(inherited) @executable_path/Frameworks";
				PRODUCT_BUNDLE_IDENTIFIER = GODPAPER.CrispyOctoMoo;
				PRODUCT_NAME = CrispyOctoMoo;
			};
			name = Debug;
		};
		6505C5B01C152D080040E055 /* Release */ = {
			isa = XCBuildConfiguration;
			baseConfigurationReference = A3D226CB33FD43D1F1418341 /* Pods.release.xcconfig */;
			buildSettings = {
				ASSETCATALOG_COMPILER_APPICON_NAME = AppIcon;
				CODE_SIGN_IDENTITY = "iPhone Developer";
				ENABLE_BITCODE = NO;
				FRAMEWORK_SEARCH_PATHS = (
					"$(inherited)",
					"$(PROJECT_DIR)/FacebookSDKs",
				);
				INFOPLIST_FILE = CrispyOctoMoo/Info.plist;
				IPHONEOS_DEPLOYMENT_TARGET = 7.0;
				LD_RUNPATH_SEARCH_PATHS = "$(inherited) @executable_path/Frameworks";
				PRODUCT_BUNDLE_IDENTIFIER = GODPAPER.CrispyOctoMoo;
				PRODUCT_NAME = CrispyOctoMoo;
			};
			name = Release;
		};
		6505C5B21C152D080040E055 /* Debug */ = {
			isa = XCBuildConfiguration;
			buildSettings = {
				BUNDLE_LOADER = "$(TEST_HOST)";
				INFOPLIST_FILE = CrispyOctoMooTests/Info.plist;
				LD_RUNPATH_SEARCH_PATHS = "$(inherited) @executable_path/Frameworks @loader_path/Frameworks";
				PRODUCT_BUNDLE_IDENTIFIER = GODPAPER.CrispyOctoMooTests;
				PRODUCT_NAME = CrispyOctoMoo;
				TEST_HOST = "$(BUILT_PRODUCTS_DIR)/CrispyOctoMoo.app/CrispyOctoMoo";
			};
			name = Debug;
		};
		6505C5B31C152D080040E055 /* Release */ = {
			isa = XCBuildConfiguration;
			buildSettings = {
				BUNDLE_LOADER = "$(TEST_HOST)";
				INFOPLIST_FILE = CrispyOctoMooTests/Info.plist;
				LD_RUNPATH_SEARCH_PATHS = "$(inherited) @executable_path/Frameworks @loader_path/Frameworks";
				PRODUCT_BUNDLE_IDENTIFIER = GODPAPER.CrispyOctoMooTests;
				PRODUCT_NAME = CrispyOctoMoo;
				TEST_HOST = "$(BUILT_PRODUCTS_DIR)/CrispyOctoMoo.app/CrispyOctoMoo";
			};
			name = Release;
		};
		6505C5B51C152D080040E055 /* Debug */ = {
			isa = XCBuildConfiguration;
			buildSettings = {
				INFOPLIST_FILE = CrispyOctoMooUITests/Info.plist;
				LD_RUNPATH_SEARCH_PATHS = "$(inherited) @executable_path/Frameworks @loader_path/Frameworks";
				PRODUCT_BUNDLE_IDENTIFIER = GODPAPER.CrispyOctoMooUITests;
				PRODUCT_NAME = CrispyOctoMoo;
				TEST_TARGET_NAME = CrispyOctoMoo;
				USES_XCTRUNNER = YES;
			};
			name = Debug;
		};
		6505C5B61C152D080040E055 /* Release */ = {
			isa = XCBuildConfiguration;
			buildSettings = {
				INFOPLIST_FILE = CrispyOctoMooUITests/Info.plist;
				LD_RUNPATH_SEARCH_PATHS = "$(inherited) @executable_path/Frameworks @loader_path/Frameworks";
				PRODUCT_BUNDLE_IDENTIFIER = GODPAPER.CrispyOctoMooUITests;
				PRODUCT_NAME = CrispyOctoMoo;
				TEST_TARGET_NAME = CrispyOctoMoo;
				USES_XCTRUNNER = YES;
			};
			name = Release;
		};
/* End XCBuildConfiguration section */

/* Begin XCConfigurationList section */
		6505C5791C152CFC0040E055 /* Build configuration list for PBXProject "CrispyOctoMoo" */ = {
			isa = XCConfigurationList;
			buildConfigurations = (
				6505C5AC1C152D080040E055 /* Debug */,
				6505C5AD1C152D080040E055 /* Release */,
			);
			defaultConfigurationIsVisible = 0;
			defaultConfigurationName = Release;
		};
		6505C5AE1C152D080040E055 /* Build configuration list for PBXNativeTarget "CrispyOctoMoo" */ = {
			isa = XCConfigurationList;
			buildConfigurations = (
				6505C5AF1C152D080040E055 /* Debug */,
				6505C5B01C152D080040E055 /* Release */,
			);
			defaultConfigurationIsVisible = 0;
			defaultConfigurationName = Release;
		};
		6505C5B11C152D080040E055 /* Build configuration list for PBXNativeTarget "CrispyOctoMooTests" */ = {
			isa = XCConfigurationList;
			buildConfigurations = (
				6505C5B21C152D080040E055 /* Debug */,
				6505C5B31C152D080040E055 /* Release */,
			);
			defaultConfigurationIsVisible = 0;
			defaultConfigurationName = Release;
		};
		6505C5B41C152D080040E055 /* Build configuration list for PBXNativeTarget "CrispyOctoMooUITests" */ = {
			isa = XCConfigurationList;
			buildConfigurations = (
				6505C5B51C152D080040E055 /* Debug */,
				6505C5B61C152D080040E055 /* Release */,
			);
			defaultConfigurationIsVisible = 0;
			defaultConfigurationName = Release;
		};
/* End XCConfigurationList section */
	};
	rootObject = 6505C5761C152CFC0040E055 /* Project object */;
}
